<?xml version="1.0" encoding="utf-8"?>
<Project ToolsVersion="4.0" xmlns="http://schemas.microsoft.com/developer/msbuild/2003">
  <ItemGroup>
    <Filter Include="소스 파일">
      <UniqueIdentifier>{4FC737F1-C7A5-4376-A066-2A32D752A2FF}</UniqueIdentifier>
      <Extensions>cpp;c;cc;cxx;def;odl;idl;hpj;bat;asm;asmx</Extensions>
    </Filter>
    <Filter Include="헤더 파일">
      <UniqueIdentifier>{93995380-89BD-4b04-88EB-625FBE52EBFB}</UniqueIdentifier>
      <Extensions>h;hh;hpp;hxx;hm;inl;inc;xsd</Extensions>
    </Filter>
    <Filter Include="리소스 파일">
      <UniqueIdentifier>{67DA6AB6-F800-4c08-8B7A-83BB121AAD01}</UniqueIdentifier>
      <Extensions>rc;ico;cur;bmp;dlg;rc2;rct;bin;rgs;gif;jpg;jpeg;jpe;resx;tiff;tif;png;wav;mfcribbon-ms</Extensions>
    </Filter>
  </ItemGroup>
  <ItemGroup>
    <Text Include="ReadMe.txt" />
  </ItemGroup>
  <ItemGroup>
    <ClInclude Include="stdafx.h">
      <Filter>헤더 파일</Filter>
    </ClInclude>
    <ClInclude Include="targetver.h">
      <Filter>헤더 파일</Filter>
    </ClInclude>
    <ClInclude Include="Resource.h">
      <Filter>헤더 파일</Filter>
    </ClInclude>
    <ClInclude Include="Redirector.h">
      <Filter>헤더 파일</Filter>
    </ClInclude>
    <ClInclude Include="FFMPEGProcessOperation.h">
      <Filter>헤더 파일</Filter>
    </ClInclude>
    <ClInclude Include="ConnectCMS.h">
      <Filter>헤더 파일</Filter>
    </ClInclude>
    <ClInclude Include="struct.h">
      <Filter>헤더 파일</Filter>
    </ClInclude>
    <ClInclude Include="define.h">
      <Filter>헤더 파일</Filter>
    </ClInclude>
    <ClInclude Include="Util.h">
      <Filter>헤더 파일</Filter>
    </ClInclude>
    <ClInclude Include="KException.h">
      <Filter>헤더 파일</Filter>
    </ClInclude>
    <ClInclude Include="ConvertUTF8Operation.h">
      <Filter>헤더 파일</Filter>
    </ClInclude>
    <ClInclude Include="Utility.h">
      <Filter>헤더 파일</Filter>
    </ClInclude>
    <ClInclude Include="Def.h">
      <Filter>헤더 파일</Filter>
    </ClInclude>
    <ClInclude Include="timecode.h">
      <Filter>헤더 파일</Filter>
    </ClInclude>
    <ClInclude Include="include\json\json.h">
      <Filter>헤더 파일</Filter>
    </ClInclude>
    <ClInclude Include="VideoAutoTaggingServer.h">
      <Filter>헤더 파일</Filter>
    </ClInclude>
    <ClInclude Include="VideoAutoTaggingServerDlg.h">
      <Filter>헤더 파일</Filter>
    </ClInclude>
  </ItemGroup>
  <ItemGroup>
    <ClCompile Include="stdafx.cpp">
      <Filter>소스 파일</Filter>
    </ClCompile>
    <ClCompile Include="ConnectCMS.cpp">
      <Filter>소스 파일</Filter>
    </ClCompile>
    <ClCompile Include="FFMPEGProcessOperation.cpp">
      <Filter>소스 파일</Filter>
    </ClCompile>
    <ClCompile Include="Redirector.cpp">
      <Filter>소스 파일</Filter>
    </ClCompile>
    <ClCompile Include="Util.cpp">
      <Filter>소스 파일</Filter>
    </ClCompile>
    <ClCompile Include="ConvertUTF8Operation.cpp">
      <Filter>소스 파일</Filter>
    </ClCompile>
    <ClCompile Include="Utility.cpp">
      <Filter>소스 파일</Filter>
    </ClCompile>
    <ClCompile Include="timecode.cpp">
      <Filter>소스 파일</Filter>
    </ClCompile>
    <ClCompile Include="include\json\jsoncpp.cpp">
      <Filter>소스 파일</Filter>
    </ClCompile>
    <ClCompile Include="VideoAutoTaggingServer.cpp">
      <Filter>소스 파일</Filter>
    </ClCompile>
    <ClCompile Include="VideoAutoTaggingServerDlg.cpp">
      <Filter>소스 파일</Filter>
    </ClCompile>
  </ItemGroup>
  <ItemGroup>
    <ResourceCompile Include="VideoAutoTaggingServer.rc">
      <Filter>리소스 파일</Filter>
    </ResourceCompile>
  </ItemGroup>
  <ItemGroup>
    <None Include="res\VideoAutoTaggingServer.rc2">
      <Filter>리소스 파일</Filter>
    </None>
  </ItemGroup>
  <ItemGroup>
    <Image Include="res\Icon.ico">
      <Filter>리소스 파일</Filter>
    </Image>
    <Image Include="res\VideoAutoTaggingServer.ico">
      <Filter>리소스 파일</Filter>
    </Image>
  </ItemGroup>
</Project>